
Microsoft Visual Studio Solution File, Format Version 12.00
# Visual Studio Version 17
VisualStudioVersion = 17.4.33213.308
MinimumVisualStudioVersion = 10.0.40219.1
Project("{9A19103F-16F7-4668-BE54-9A1E7A4F7556}") = "msvMatrix", "msvMatrix\msvMatrix.csproj", "{30E91276-2BDA-45B0-875D-01E9B941A3FE}"
EndProject
Project("{9A19103F-16F7-4668-BE54-9A1E7A4F7556}") = "msvMatrix_Test", "msvMatrix_Test\msvMatrix_Test.csproj", "{B18F6D06-D2D5-4011-B42B-15092F51304D}"
	ProjectSection(ProjectDependencies) = postProject
		{30E91276-2BDA-45B0-875D-01E9B941A3FE} = {30E91276-2BDA-45B0-875D-01E9B941A3FE}
	EndProjectSection
EndProject
Project("{2150E333-8FDC-42A3-9474-1A3956D46DE8}") = "Элементы решения", "Элементы решения", "{1C71CAA8-C300-4944-A890-1782BA2A2075}"
	ProjectSection(SolutionItems) = preProject
		Description.md = Description.md
	EndProjectSection
EndProject
Global
	GlobalSection(SolutionConfigurationPlatforms) = preSolution
		Debug|Any CPU = Debug|Any CPU
		Release|Any CPU = Release|Any CPU
	EndGlobalSection
	GlobalSection(ProjectConfigurationPlatforms) = postSolution
		{30E91276-2BDA-45B0-875D-01E9B941A3FE}.Debug|Any CPU.ActiveCfg = Debug|Any CPU
		{30E91276-2BDA-45B0-875D-01E9B941A3FE}.Debug|Any CPU.Build.0 = Debug|Any CPU
		{30E91276-2BDA-45B0-875D-01E9B941A3FE}.Release|Any CPU.ActiveCfg = Release|Any CPU
		{30E91276-2BDA-45B0-875D-01E9B941A3FE}.Release|Any CPU.Build.0 = Release|Any CPU
		{B18F6D06-D2D5-4011-B42B-15092F51304D}.Debug|Any CPU.ActiveCfg = Debug|Any CPU
		{B18F6D06-D2D5-4011-B42B-15092F51304D}.Debug|Any CPU.Build.0 = Debug|Any CPU
		{B18F6D06-D2D5-4011-B42B-15092F51304D}.Release|Any CPU.ActiveCfg = Release|Any CPU
		{B18F6D06-D2D5-4011-B42B-15092F51304D}.Release|Any CPU.Build.0 = Release|Any CPU
	EndGlobalSection
	GlobalSection(SolutionProperties) = preSolution
		HideSolutionNode = FALSE
	EndGlobalSection
	GlobalSection(ExtensibilityGlobals) = postSolution
		SolutionGuid = {D13B4BDE-A4E6-4914-B625-C782263C112E}
	EndGlobalSection
EndGlobal
